
Microsoft Visual Studio Solution File, Format Version 12.00
# Visual Studio Version 17
VisualStudioVersion = 17.10.35013.160
MinimumVisualStudioVersion = 10.0.40219.1
Project("{FAE04EC0-301F-11D3-BF4B-00C04F79EFBC}") = "Diary", "Diary.csproj", "{33628ECF-2F0A-47B4-A919-F8B51E6CFBD2}"
EndProject
Global
	GlobalSection(SolutionConfigurationPlatforms) = preSolution
		Debug|Any CPU = Debug|Any CPU
		Release|Any CPU = Release|Any CPU
	EndGlobalSection
	GlobalSection(ProjectConfigurationPlatforms) = postSolution
		{33628ECF-2F0A-47B4-A919-F8B51E6CFBD2}.Debug|Any CPU.ActiveCfg = Debug|Any CPU
		{33628ECF-2F0A-47B4-A919-F8B51E6CFBD2}.Debug|Any CPU.Build.0 = Debug|Any CPU
		{33628ECF-2F0A-47B4-A919-F8B51E6CFBD2}.Release|Any CPU.ActiveCfg = Release|Any CPU
		{33628ECF-2F0A-47B4-A919-F8B51E6CFBD2}.Release|Any CPU.Build.0 = Release|Any CPU
	EndGlobalSection
	GlobalSection(SolutionProperties) = preSolution
		HideSolutionNode = FALSE
	EndGlobalSection
	GlobalSection(ExtensibilityGlobals) = postSolution
		SolutionGuid = {EF3B44AF-98F1-415A-BBD9-F1F092A26FEC}
	EndGlobalSection
EndGlobal
